
Microsoft Visual Studio Solution File, Format Version 11.00
# Visual Studio 2010
# SharpDevelop 4.2.2.8818
Project("{FAE04EC0-301F-11D3-BF4B-00C04F79EFBC}") = "BackgroundWorkerExamples", "BackgroundWorkerExamples\BackgroundWorkerExamples.csproj", "{81CFCC95-3CE0-45AA-97B6-19E0A8080556}"
EndProject
Project("{FAE04EC0-301F-11D3-BF4B-00C04F79EFBC}") = "DinamicCreatingControls", "DinamicCreatingControls\DinamicCreatingControls.csproj", "{73872079-E64D-4F4C-92A3-FED637CCF989}"
EndProject
Project("{FAE04EC0-301F-11D3-BF4B-00C04F79EFBC}") = "Layouting", "Layouting\Layouting.csproj", "{5CC0EB6E-24A7-4CE4-A8D8-FE4D56BE38C1}"
EndProject
Project("{FAE04EC0-301F-11D3-BF4B-00C04F79EFBC}") = "ConsoleApp", "ConsoleApp\ConsoleApp.csproj", "{92D45BC1-D078-4F84-9085-FCE131E8227A}"
EndProject
Project("{FAE04EC0-301F-11D3-BF4B-00C04F79EFBC}") = "Styling", "Styling\Styling.csproj", "{8121E734-AEA3-4F26-B898-375FACD262CD}"
EndProject
Project("{FAE04EC0-301F-11D3-BF4B-00C04F79EFBC}") = "XmlSpecificExample", "XmlSpecificExample\XmlSpecificExample.csproj", "{7FD046F9-14AF-4607-A6D8-354199029AF7}"
EndProject
Global
	GlobalSection(SolutionConfigurationPlatforms) = preSolution
		Debug|x86 = Debug|x86
		Release|x86 = Release|x86
	EndGlobalSection
	GlobalSection(ProjectConfigurationPlatforms) = postSolution
		{81CFCC95-3CE0-45AA-97B6-19E0A8080556}.Debug|x86.Build.0 = Debug|x86
		{81CFCC95-3CE0-45AA-97B6-19E0A8080556}.Debug|x86.ActiveCfg = Debug|x86
		{81CFCC95-3CE0-45AA-97B6-19E0A8080556}.Release|x86.Build.0 = Release|x86
		{81CFCC95-3CE0-45AA-97B6-19E0A8080556}.Release|x86.ActiveCfg = Release|x86
		{73872079-E64D-4F4C-92A3-FED637CCF989}.Debug|x86.Build.0 = Debug|x86
		{73872079-E64D-4F4C-92A3-FED637CCF989}.Debug|x86.ActiveCfg = Debug|x86
		{73872079-E64D-4F4C-92A3-FED637CCF989}.Release|x86.Build.0 = Release|x86
		{73872079-E64D-4F4C-92A3-FED637CCF989}.Release|x86.ActiveCfg = Release|x86
		{5CC0EB6E-24A7-4CE4-A8D8-FE4D56BE38C1}.Debug|x86.Build.0 = Debug|x86
		{5CC0EB6E-24A7-4CE4-A8D8-FE4D56BE38C1}.Debug|x86.ActiveCfg = Debug|x86
		{5CC0EB6E-24A7-4CE4-A8D8-FE4D56BE38C1}.Release|x86.Build.0 = Release|x86
		{5CC0EB6E-24A7-4CE4-A8D8-FE4D56BE38C1}.Release|x86.ActiveCfg = Release|x86
		{92D45BC1-D078-4F84-9085-FCE131E8227A}.Debug|x86.Build.0 = Debug|x86
		{92D45BC1-D078-4F84-9085-FCE131E8227A}.Debug|x86.ActiveCfg = Debug|x86
		{92D45BC1-D078-4F84-9085-FCE131E8227A}.Release|x86.Build.0 = Release|x86
		{92D45BC1-D078-4F84-9085-FCE131E8227A}.Release|x86.ActiveCfg = Release|x86
		{8121E734-AEA3-4F26-B898-375FACD262CD}.Debug|x86.Build.0 = Debug|x86
		{8121E734-AEA3-4F26-B898-375FACD262CD}.Debug|x86.ActiveCfg = Debug|x86
		{8121E734-AEA3-4F26-B898-375FACD262CD}.Release|x86.Build.0 = Release|x86
		{8121E734-AEA3-4F26-B898-375FACD262CD}.Release|x86.ActiveCfg = Release|x86
		{7FD046F9-14AF-4607-A6D8-354199029AF7}.Debug|x86.Build.0 = Debug|x86
		{7FD046F9-14AF-4607-A6D8-354199029AF7}.Debug|x86.ActiveCfg = Debug|x86
		{7FD046F9-14AF-4607-A6D8-354199029AF7}.Release|x86.Build.0 = Release|x86
		{7FD046F9-14AF-4607-A6D8-354199029AF7}.Release|x86.ActiveCfg = Release|x86
	EndGlobalSection
EndGlobal
