
Microsoft Visual Studio Solution File, Format Version 11.00
# Visual Studio 2010
# SharpDevelop 4.2.2.8818
Project("{FAE04EC0-301F-11D3-BF4B-00C04F79EFBC}") = "BackgroundWorkerExamples", "BackgroundWorkerExamples\BackgroundWorkerExamples.csproj", "{81CFCC95-3CE0-45AA-97B6-19E0A8080556}"
EndProject
Project("{FAE04EC0-301F-11D3-BF4B-00C04F79EFBC}") = "DinamicCreatingControls", "DinamicCreatingControls\DinamicCreatingControls.csproj", "{73872079-E64D-4F4C-92A3-FED637CCF989}"
EndProject
Project("{FAE04EC0-301F-11D3-BF4B-00C04F79EFBC}") = "Layouting", "Layouting\Layouting.csproj", "{5CC0EB6E-24A7-4CE4-A8D8-FE4D56BE38C1}"
EndProject
Project("{FAE04EC0-301F-11D3-BF4B-00C04F79EFBC}") = "ConsoleApp", "ConsoleApp\ConsoleApp.csproj", "{92D45BC1-D078-4F84-9085-FCE131E8227A}"
EndProject
Project("{FAE04EC0-301F-11D3-BF4B-00C04F79EFBC}") = "Styling", "Styling\Styling.csproj", "{8121E734-AEA3-4F26-B898-375FACD262CD}"
EndProject
Project("{FAE04EC0-301F-11D3-BF4B-00C04F79EFBC}") = "XmlSpecificExample", "XmlSpecificExample\XmlSpecificExample.csproj", "{7FD046F9-14AF-4607-A6D8-354199029AF7}"
EndProject
Project("{FAE04EC0-301F-11D3-BF4B-00C04F79EFBC}") = "BubblingExample", "BubblingExample\BubblingExample.csproj", "{9780F253-501A-462A-8AB2-282229D4F7B9}"
EndProject
Project("{FAE04EC0-301F-11D3-BF4B-00C04F79EFBC}") = "MouseInputExample", "MouseInputExample\MouseInputExample.csproj", "{11BA8E8E-DF67-408C-A5AA-587D213DBA4F}"
EndProject
Project("{FAE04EC0-301F-11D3-BF4B-00C04F79EFBC}") = "DragDropExample", "DragDropExample\DragDropExample.csproj", "{E049976C-87A9-45D1-A2F3-FE7C7F8C300C}"
EndProject
Project("{FAE04EC0-301F-11D3-BF4B-00C04F79EFBC}") = "AppWithManyDocumentsExample", "AppWithManyDocumentsExample\AppWithManyDocumentsExample.csproj", "{BA1A426F-2383-4B83-A5DC-0EAE59BB7568}"
EndProject
Project("{FAE04EC0-301F-11D3-BF4B-00C04F79EFBC}") = "SliderBindingExample", "SliderBindingExample\SliderBindingExample.csproj", "{665D7D0B-A192-4BD0-89DE-307A8A81AC32}"
EndProject
Project("{FAE04EC0-301F-11D3-BF4B-00C04F79EFBC}") = "CommandsExample", "CommandsExample\CommandsExample.csproj", "{9D8E250B-57C7-4E6E-B9C7-737C88E06284}"
EndProject
Project("{FAE04EC0-301F-11D3-BF4B-00C04F79EFBC}") = "SimpleCommandExample", "SimpleCommandExample\SimpleCommandExample.csproj", "{6706C224-51F9-46CC-898F-63325A9C4C79}"
EndProject
Project("{FAE04EC0-301F-11D3-BF4B-00C04F79EFBC}") = "ResourceExample", "ResourceExample\ResourceExample.csproj", "{8DB71A86-FD1C-43A0-B3DA-B76A03E76168}"
EndProject
Project("{FAE04EC0-301F-11D3-BF4B-00C04F79EFBC}") = "StyleExample", "StyleExample\StyleExample.csproj", "{16EE6859-0A5E-4435-A54B-FCECC193B85A}"
EndProject
Global
	GlobalSection(SolutionConfigurationPlatforms) = preSolution
		Debug|x86 = Debug|x86
		Release|x86 = Release|x86
	EndGlobalSection
	GlobalSection(ProjectConfigurationPlatforms) = postSolution
		{81CFCC95-3CE0-45AA-97B6-19E0A8080556}.Debug|x86.Build.0 = Debug|x86
		{81CFCC95-3CE0-45AA-97B6-19E0A8080556}.Debug|x86.ActiveCfg = Debug|x86
		{81CFCC95-3CE0-45AA-97B6-19E0A8080556}.Release|x86.Build.0 = Release|x86
		{81CFCC95-3CE0-45AA-97B6-19E0A8080556}.Release|x86.ActiveCfg = Release|x86
		{73872079-E64D-4F4C-92A3-FED637CCF989}.Debug|x86.Build.0 = Debug|x86
		{73872079-E64D-4F4C-92A3-FED637CCF989}.Debug|x86.ActiveCfg = Debug|x86
		{73872079-E64D-4F4C-92A3-FED637CCF989}.Release|x86.Build.0 = Release|x86
		{73872079-E64D-4F4C-92A3-FED637CCF989}.Release|x86.ActiveCfg = Release|x86
		{5CC0EB6E-24A7-4CE4-A8D8-FE4D56BE38C1}.Debug|x86.Build.0 = Debug|x86
		{5CC0EB6E-24A7-4CE4-A8D8-FE4D56BE38C1}.Debug|x86.ActiveCfg = Debug|x86
		{5CC0EB6E-24A7-4CE4-A8D8-FE4D56BE38C1}.Release|x86.Build.0 = Release|x86
		{5CC0EB6E-24A7-4CE4-A8D8-FE4D56BE38C1}.Release|x86.ActiveCfg = Release|x86
		{92D45BC1-D078-4F84-9085-FCE131E8227A}.Debug|x86.Build.0 = Debug|x86
		{92D45BC1-D078-4F84-9085-FCE131E8227A}.Debug|x86.ActiveCfg = Debug|x86
		{92D45BC1-D078-4F84-9085-FCE131E8227A}.Release|x86.Build.0 = Release|x86
		{92D45BC1-D078-4F84-9085-FCE131E8227A}.Release|x86.ActiveCfg = Release|x86
		{8121E734-AEA3-4F26-B898-375FACD262CD}.Debug|x86.Build.0 = Debug|x86
		{8121E734-AEA3-4F26-B898-375FACD262CD}.Debug|x86.ActiveCfg = Debug|x86
		{8121E734-AEA3-4F26-B898-375FACD262CD}.Release|x86.Build.0 = Release|x86
		{8121E734-AEA3-4F26-B898-375FACD262CD}.Release|x86.ActiveCfg = Release|x86
		{7FD046F9-14AF-4607-A6D8-354199029AF7}.Debug|x86.Build.0 = Debug|x86
		{7FD046F9-14AF-4607-A6D8-354199029AF7}.Debug|x86.ActiveCfg = Debug|x86
		{7FD046F9-14AF-4607-A6D8-354199029AF7}.Release|x86.Build.0 = Release|x86
		{7FD046F9-14AF-4607-A6D8-354199029AF7}.Release|x86.ActiveCfg = Release|x86
		{9780F253-501A-462A-8AB2-282229D4F7B9}.Debug|x86.Build.0 = Debug|x86
		{9780F253-501A-462A-8AB2-282229D4F7B9}.Debug|x86.ActiveCfg = Debug|x86
		{9780F253-501A-462A-8AB2-282229D4F7B9}.Release|x86.Build.0 = Release|x86
		{9780F253-501A-462A-8AB2-282229D4F7B9}.Release|x86.ActiveCfg = Release|x86
		{11BA8E8E-DF67-408C-A5AA-587D213DBA4F}.Debug|x86.Build.0 = Debug|x86
		{11BA8E8E-DF67-408C-A5AA-587D213DBA4F}.Debug|x86.ActiveCfg = Debug|x86
		{11BA8E8E-DF67-408C-A5AA-587D213DBA4F}.Release|x86.Build.0 = Release|x86
		{11BA8E8E-DF67-408C-A5AA-587D213DBA4F}.Release|x86.ActiveCfg = Release|x86
		{E049976C-87A9-45D1-A2F3-FE7C7F8C300C}.Debug|x86.Build.0 = Debug|x86
		{E049976C-87A9-45D1-A2F3-FE7C7F8C300C}.Debug|x86.ActiveCfg = Debug|x86
		{E049976C-87A9-45D1-A2F3-FE7C7F8C300C}.Release|x86.Build.0 = Release|x86
		{E049976C-87A9-45D1-A2F3-FE7C7F8C300C}.Release|x86.ActiveCfg = Release|x86
		{BA1A426F-2383-4B83-A5DC-0EAE59BB7568}.Debug|x86.Build.0 = Debug|x86
		{BA1A426F-2383-4B83-A5DC-0EAE59BB7568}.Debug|x86.ActiveCfg = Debug|x86
		{BA1A426F-2383-4B83-A5DC-0EAE59BB7568}.Release|x86.Build.0 = Release|x86
		{BA1A426F-2383-4B83-A5DC-0EAE59BB7568}.Release|x86.ActiveCfg = Release|x86
		{665D7D0B-A192-4BD0-89DE-307A8A81AC32}.Debug|x86.Build.0 = Debug|x86
		{665D7D0B-A192-4BD0-89DE-307A8A81AC32}.Debug|x86.ActiveCfg = Debug|x86
		{665D7D0B-A192-4BD0-89DE-307A8A81AC32}.Release|x86.Build.0 = Release|x86
		{665D7D0B-A192-4BD0-89DE-307A8A81AC32}.Release|x86.ActiveCfg = Release|x86
		{9D8E250B-57C7-4E6E-B9C7-737C88E06284}.Debug|x86.Build.0 = Debug|x86
		{9D8E250B-57C7-4E6E-B9C7-737C88E06284}.Debug|x86.ActiveCfg = Debug|x86
		{9D8E250B-57C7-4E6E-B9C7-737C88E06284}.Release|x86.Build.0 = Release|x86
		{9D8E250B-57C7-4E6E-B9C7-737C88E06284}.Release|x86.ActiveCfg = Release|x86
		{6706C224-51F9-46CC-898F-63325A9C4C79}.Debug|x86.Build.0 = Debug|x86
		{6706C224-51F9-46CC-898F-63325A9C4C79}.Debug|x86.ActiveCfg = Debug|x86
		{6706C224-51F9-46CC-898F-63325A9C4C79}.Release|x86.Build.0 = Release|x86
		{6706C224-51F9-46CC-898F-63325A9C4C79}.Release|x86.ActiveCfg = Release|x86
		{8DB71A86-FD1C-43A0-B3DA-B76A03E76168}.Debug|x86.Build.0 = Debug|x86
		{8DB71A86-FD1C-43A0-B3DA-B76A03E76168}.Debug|x86.ActiveCfg = Debug|x86
		{8DB71A86-FD1C-43A0-B3DA-B76A03E76168}.Release|x86.Build.0 = Release|x86
		{8DB71A86-FD1C-43A0-B3DA-B76A03E76168}.Release|x86.ActiveCfg = Release|x86
		{16EE6859-0A5E-4435-A54B-FCECC193B85A}.Debug|x86.Build.0 = Debug|x86
		{16EE6859-0A5E-4435-A54B-FCECC193B85A}.Debug|x86.ActiveCfg = Debug|x86
		{16EE6859-0A5E-4435-A54B-FCECC193B85A}.Release|x86.Build.0 = Release|x86
		{16EE6859-0A5E-4435-A54B-FCECC193B85A}.Release|x86.ActiveCfg = Release|x86
	EndGlobalSection
EndGlobal
