
Microsoft Visual Studio Solution File, Format Version 11.00
# Visual Studio 2010
# SharpDevelop 4.3
Project("{FAE04EC0-301F-11D3-BF4B-00C04F79EFBC}") = "AbstractFactoryPizzaStore", "AbstractFactoryPizzaStore\AbstractFactoryPizzaStore.csproj", "{2E2AB1BC-1015-4731-8623-AA5C533CB7D1}"
EndProject
Project("{FAE04EC0-301F-11D3-BF4B-00C04F79EFBC}") = "SingletonExample", "SingletonExample\SingletonExample.csproj", "{004C2628-78E2-43E0-AD67-91BCC2A2D87B}"
EndProject
Global
	GlobalSection(SolutionConfigurationPlatforms) = preSolution
		Debug|Any CPU = Debug|Any CPU
		Release|Any CPU = Release|Any CPU
	EndGlobalSection
	GlobalSection(ProjectConfigurationPlatforms) = postSolution
		{2E2AB1BC-1015-4731-8623-AA5C533CB7D1}.Debug|Any CPU.Build.0 = Debug|Any CPU
		{2E2AB1BC-1015-4731-8623-AA5C533CB7D1}.Debug|Any CPU.ActiveCfg = Debug|Any CPU
		{2E2AB1BC-1015-4731-8623-AA5C533CB7D1}.Release|Any CPU.Build.0 = Release|Any CPU
		{2E2AB1BC-1015-4731-8623-AA5C533CB7D1}.Release|Any CPU.ActiveCfg = Release|Any CPU
		{004C2628-78E2-43E0-AD67-91BCC2A2D87B}.Debug|Any CPU.Build.0 = Debug|Any CPU
		{004C2628-78E2-43E0-AD67-91BCC2A2D87B}.Debug|Any CPU.ActiveCfg = Debug|Any CPU
		{004C2628-78E2-43E0-AD67-91BCC2A2D87B}.Release|Any CPU.Build.0 = Release|Any CPU
		{004C2628-78E2-43E0-AD67-91BCC2A2D87B}.Release|Any CPU.ActiveCfg = Release|Any CPU
	EndGlobalSection
EndGlobal
