
Microsoft Visual Studio Solution File, Format Version 11.00
# Visual Studio 2010
# SharpDevelop 4.3
Project("{FAE04EC0-301F-11D3-BF4B-00C04F79EFBC}") = "UsingThreadExample", "UsingThreadExample\UsingThreadExample.csproj", "{13BEF70C-8643-4EF2-A4C4-5D6FE638B55A}"
EndProject
Project("{FAE04EC0-301F-11D3-BF4B-00C04F79EFBC}") = "CofigureAwaitUsing", "CofigureAwaitUsing\CofigureAwaitUsing.csproj", "{A7754DD4-6342-43B3-BE1B-6369916DFA06}"
EndProject
Project("{FAE04EC0-301F-11D3-BF4B-00C04F79EFBC}") = "UsingPLINQExample", "UsingPLINQExample\UsingPLINQExample.csproj", "{06FE55A4-A7EC-447A-A301-7A4A09573B39}"
EndProject
Global
	GlobalSection(SolutionConfigurationPlatforms) = preSolution
		Debug|Any CPU = Debug|Any CPU
		Release|Any CPU = Release|Any CPU
	EndGlobalSection
	GlobalSection(ProjectConfigurationPlatforms) = postSolution
		{13BEF70C-8643-4EF2-A4C4-5D6FE638B55A}.Debug|Any CPU.Build.0 = Debug|Any CPU
		{13BEF70C-8643-4EF2-A4C4-5D6FE638B55A}.Debug|Any CPU.ActiveCfg = Debug|Any CPU
		{13BEF70C-8643-4EF2-A4C4-5D6FE638B55A}.Release|Any CPU.Build.0 = Release|Any CPU
		{13BEF70C-8643-4EF2-A4C4-5D6FE638B55A}.Release|Any CPU.ActiveCfg = Release|Any CPU
		{A7754DD4-6342-43B3-BE1B-6369916DFA06}.Debug|Any CPU.Build.0 = Debug|Any CPU
		{A7754DD4-6342-43B3-BE1B-6369916DFA06}.Debug|Any CPU.ActiveCfg = Debug|Any CPU
		{A7754DD4-6342-43B3-BE1B-6369916DFA06}.Release|Any CPU.Build.0 = Release|Any CPU
		{A7754DD4-6342-43B3-BE1B-6369916DFA06}.Release|Any CPU.ActiveCfg = Release|Any CPU
		{06FE55A4-A7EC-447A-A301-7A4A09573B39}.Debug|Any CPU.Build.0 = Debug|Any CPU
		{06FE55A4-A7EC-447A-A301-7A4A09573B39}.Debug|Any CPU.ActiveCfg = Debug|Any CPU
		{06FE55A4-A7EC-447A-A301-7A4A09573B39}.Release|Any CPU.Build.0 = Release|Any CPU
		{06FE55A4-A7EC-447A-A301-7A4A09573B39}.Release|Any CPU.ActiveCfg = Release|Any CPU
	EndGlobalSection
EndGlobal
