
Microsoft Visual Studio Solution File, Format Version 11.00
# Visual Studio 2010
# SharpDevelop 4.3
Project("{FAE04EC0-301F-11D3-BF4B-00C04F79EFBC}") = "UsingThreadExample", "UsingThreadExample\UsingThreadExample.csproj", "{13BEF70C-8643-4EF2-A4C4-5D6FE638B55A}"
EndProject
Project("{FAE04EC0-301F-11D3-BF4B-00C04F79EFBC}") = "CofigureAwaitUsing", "CofigureAwaitUsing\CofigureAwaitUsing.csproj", "{A7754DD4-6342-43B3-BE1B-6369916DFA06}"
EndProject
Project("{FAE04EC0-301F-11D3-BF4B-00C04F79EFBC}") = "UsingPLINQExample", "UsingPLINQExample\UsingPLINQExample.csproj", "{06FE55A4-A7EC-447A-A301-7A4A09573B39}"
EndProject
Project("{FAE04EC0-301F-11D3-BF4B-00C04F79EFBC}") = "UsingConcurrentCollections", "UsingConcurrentCollections\UsingConcurrentCollections.csproj", "{1018BE24-1B70-4421-9E23-4825EE1189C1}"
EndProject
Project("{FAE04EC0-301F-11D3-BF4B-00C04F79EFBC}") = "UsingConcurrentBag", "UsingConcurrentBag\UsingConcurrentBag.csproj", "{52D940D0-E3B2-44DF-9D01-6CED3F1F2ADA}"
EndProject
Project("{FAE04EC0-301F-11D3-BF4B-00C04F79EFBC}") = "UsingConcurrentStack", "UsingConcurrentStack\UsingConcurrentStack.csproj", "{0630BBAD-6D8D-4FF5-AD38-45F66A67019F}"
EndProject
Project("{FAE04EC0-301F-11D3-BF4B-00C04F79EFBC}") = "UsingConcurrentQueue", "UsingConcurrentQueue\UsingConcurrentQueue.csproj", "{B307DD61-5DA6-48AB-84AA-738E8CF924DC}"
EndProject
Project("{FAE04EC0-301F-11D3-BF4B-00C04F79EFBC}") = "UsingConcurrentDictionary", "UsingConcurrentDictionary\UsingConcurrentDictionary.csproj", "{07C324CA-8C7E-46DE-ADA1-F130CF42614E}"
EndProject
Global
	GlobalSection(SolutionConfigurationPlatforms) = preSolution
		Debug|Any CPU = Debug|Any CPU
		Release|Any CPU = Release|Any CPU
	EndGlobalSection
	GlobalSection(ProjectConfigurationPlatforms) = postSolution
		{13BEF70C-8643-4EF2-A4C4-5D6FE638B55A}.Debug|Any CPU.Build.0 = Debug|Any CPU
		{13BEF70C-8643-4EF2-A4C4-5D6FE638B55A}.Debug|Any CPU.ActiveCfg = Debug|Any CPU
		{13BEF70C-8643-4EF2-A4C4-5D6FE638B55A}.Release|Any CPU.Build.0 = Release|Any CPU
		{13BEF70C-8643-4EF2-A4C4-5D6FE638B55A}.Release|Any CPU.ActiveCfg = Release|Any CPU
		{A7754DD4-6342-43B3-BE1B-6369916DFA06}.Debug|Any CPU.Build.0 = Debug|Any CPU
		{A7754DD4-6342-43B3-BE1B-6369916DFA06}.Debug|Any CPU.ActiveCfg = Debug|Any CPU
		{A7754DD4-6342-43B3-BE1B-6369916DFA06}.Release|Any CPU.Build.0 = Release|Any CPU
		{A7754DD4-6342-43B3-BE1B-6369916DFA06}.Release|Any CPU.ActiveCfg = Release|Any CPU
		{06FE55A4-A7EC-447A-A301-7A4A09573B39}.Debug|Any CPU.Build.0 = Debug|Any CPU
		{06FE55A4-A7EC-447A-A301-7A4A09573B39}.Debug|Any CPU.ActiveCfg = Debug|Any CPU
		{06FE55A4-A7EC-447A-A301-7A4A09573B39}.Release|Any CPU.Build.0 = Release|Any CPU
		{06FE55A4-A7EC-447A-A301-7A4A09573B39}.Release|Any CPU.ActiveCfg = Release|Any CPU
		{1018BE24-1B70-4421-9E23-4825EE1189C1}.Debug|Any CPU.Build.0 = Debug|Any CPU
		{1018BE24-1B70-4421-9E23-4825EE1189C1}.Debug|Any CPU.ActiveCfg = Debug|Any CPU
		{1018BE24-1B70-4421-9E23-4825EE1189C1}.Release|Any CPU.Build.0 = Release|Any CPU
		{1018BE24-1B70-4421-9E23-4825EE1189C1}.Release|Any CPU.ActiveCfg = Release|Any CPU
		{52D940D0-E3B2-44DF-9D01-6CED3F1F2ADA}.Debug|Any CPU.Build.0 = Debug|Any CPU
		{52D940D0-E3B2-44DF-9D01-6CED3F1F2ADA}.Debug|Any CPU.ActiveCfg = Debug|Any CPU
		{52D940D0-E3B2-44DF-9D01-6CED3F1F2ADA}.Release|Any CPU.Build.0 = Release|Any CPU
		{52D940D0-E3B2-44DF-9D01-6CED3F1F2ADA}.Release|Any CPU.ActiveCfg = Release|Any CPU
		{0630BBAD-6D8D-4FF5-AD38-45F66A67019F}.Debug|Any CPU.Build.0 = Debug|Any CPU
		{0630BBAD-6D8D-4FF5-AD38-45F66A67019F}.Debug|Any CPU.ActiveCfg = Debug|Any CPU
		{0630BBAD-6D8D-4FF5-AD38-45F66A67019F}.Release|Any CPU.Build.0 = Release|Any CPU
		{0630BBAD-6D8D-4FF5-AD38-45F66A67019F}.Release|Any CPU.ActiveCfg = Release|Any CPU
		{B307DD61-5DA6-48AB-84AA-738E8CF924DC}.Debug|Any CPU.Build.0 = Debug|Any CPU
		{B307DD61-5DA6-48AB-84AA-738E8CF924DC}.Debug|Any CPU.ActiveCfg = Debug|Any CPU
		{B307DD61-5DA6-48AB-84AA-738E8CF924DC}.Release|Any CPU.Build.0 = Release|Any CPU
		{B307DD61-5DA6-48AB-84AA-738E8CF924DC}.Release|Any CPU.ActiveCfg = Release|Any CPU
		{07C324CA-8C7E-46DE-ADA1-F130CF42614E}.Debug|Any CPU.Build.0 = Debug|Any CPU
		{07C324CA-8C7E-46DE-ADA1-F130CF42614E}.Debug|Any CPU.ActiveCfg = Debug|Any CPU
		{07C324CA-8C7E-46DE-ADA1-F130CF42614E}.Release|Any CPU.Build.0 = Release|Any CPU
		{07C324CA-8C7E-46DE-ADA1-F130CF42614E}.Release|Any CPU.ActiveCfg = Release|Any CPU
	EndGlobalSection
EndGlobal
