
Microsoft Visual Studio Solution File, Format Version 11.00
# Visual Studio 2010
# SharpDevelop 5.0
Project("{FAE04EC0-301F-11D3-BF4B-00C04F79EFBC}") = "WorkingWithStrings", "NetBasicExamples\WorkingWithStrings\WorkingWithStrings.csproj", "{05AE5C12-A73E-4F7E-8177-A5E7D0C5C5F3}"
EndProject
Global
	GlobalSection(SolutionConfigurationPlatforms) = preSolution
		Debug|Any CPU = Debug|Any CPU
		Release|Any CPU = Release|Any CPU
	EndGlobalSection
	GlobalSection(ProjectConfigurationPlatforms) = postSolution
		{05AE5C12-A73E-4F7E-8177-A5E7D0C5C5F3}.Debug|Any CPU.ActiveCfg = Debug|Any CPU
		{05AE5C12-A73E-4F7E-8177-A5E7D0C5C5F3}.Debug|Any CPU.Build.0 = Debug|Any CPU
		{05AE5C12-A73E-4F7E-8177-A5E7D0C5C5F3}.Release|Any CPU.ActiveCfg = Release|Any CPU
		{05AE5C12-A73E-4F7E-8177-A5E7D0C5C5F3}.Release|Any CPU.Build.0 = Release|Any CPU
	EndGlobalSection
EndGlobal
